// !$*UTF8*$!
{
	archiveVersion = 1;
	classes = {
	};
	objectVersion = 46;
	objects = {

/* Begin PBXAggregateTarget section */
		195A35AC19D80AEA001E948D /* Framework */ = {
			isa = PBXAggregateTarget;
			buildConfigurationList = 195A35AF19D80AEA001E948D /* Build configuration list for PBXAggregateTarget "Framework" */;
			buildPhases = (
			);
			dependencies = (
				19696A6219D80E2100954EC5 /* PBXTargetDependency */,
				195A35B119D80B0B001E948D /* PBXTargetDependency */,
			);
			name = Framework;
			productName = Framework;
		};
/* End PBXAggregateTarget section */

/* Begin PBXBuildFile section */
		19696A6319D8308B00954EC5 /* WalletViewController.xib in Resources */ = {isa = PBXBuildFile; fileRef = 19B22E5D19D1AF0E00807F61 /* WalletViewController.xib */; };
		19B22E4619D1AED200807F61 /* Coopsi_iOS_SDK.h in CopyFiles */ = {isa = PBXBuildFile; fileRef = 19B22E4519D1AED200807F61 /* Coopsi_iOS_SDK.h */; };
		19B22E5E19D1AF0E00807F61 /* CoopsiCoin.m in Sources */ = {isa = PBXBuildFile; fileRef = 19B22E5A19D1AF0E00807F61 /* CoopsiCoin.m */; };
		19B22E5F19D1AF0E00807F61 /* WalletViewController.m in Sources */ = {isa = PBXBuildFile; fileRef = 19B22E5C19D1AF0E00807F61 /* WalletViewController.m */; };
		19B22E6119D1AF2200807F61 /* Coopsi_iOS_SDK.h in Headers */ = {isa = PBXBuildFile; fileRef = 19B22E4519D1AED200807F61 /* Coopsi_iOS_SDK.h */; settings = {ATTRIBUTES = (Public, ); }; };
		19B22E6219D1AF6300807F61 /* WalletViewController.h in Headers */ = {isa = PBXBuildFile; fileRef = 19B22E5B19D1AF0E00807F61 /* WalletViewController.h */; };
/* End PBXBuildFile section */

/* Begin PBXContainerItemProxy section */
		195A35B019D80B0B001E948D /* PBXContainerItemProxy */ = {
			isa = PBXContainerItemProxy;
			containerPortal = 19B22E3A19D1AED200807F61 /* Project object */;
			proxyType = 1;
			remoteGlobalIDString = 19B22E4119D1AED200807F61;
			remoteInfo = "Coopsi-iOS-SDK";
		};
		19696A6119D80E2100954EC5 /* PBXContainerItemProxy */ = {
			isa = PBXContainerItemProxy;
			containerPortal = 19B22E3A19D1AED200807F61 /* Project object */;
			proxyType = 1;
			remoteGlobalIDString = 19696A5919D80DC300954EC5;
			remoteInfo = CoopsiResources;
		};
/* End PBXContainerItemProxy section */

/* Begin PBXCopyFilesBuildPhase section */
		19B22E4019D1AED200807F61 /* CopyFiles */ = {
			isa = PBXCopyFilesBuildPhase;
			buildActionMask = 2147483647;
			dstPath = "include/$(PRODUCT_NAME)";
			dstSubfolderSpec = 16;
			files = (
				19B22E4619D1AED200807F61 /* Coopsi_iOS_SDK.h in CopyFiles */,
			);
			runOnlyForDeploymentPostprocessing = 0;
		};
/* End PBXCopyFilesBuildPhase section */

/* Begin PBXFileReference section */
		19696A5A19D80DC300954EC5 /* Coopsi.bundle */ = {isa = PBXFileReference; explicitFileType = wrapper.cfbundle; includeInIndex = 0; path = Coopsi.bundle; sourceTree = BUILT_PRODUCTS_DIR; };
		19696A5D19D80DC300954EC5 /* Info.plist */ = {isa = PBXFileReference; lastKnownFileType = text.plist.xml; path = Info.plist; sourceTree = "<group>"; };
		19B22E4219D1AED200807F61 /* libCoopsi-iOS-SDK.a */ = {isa = PBXFileReference; explicitFileType = archive.ar; includeInIndex = 0; path = "libCoopsi-iOS-SDK.a"; sourceTree = BUILT_PRODUCTS_DIR; };
		19B22E4519D1AED200807F61 /* Coopsi_iOS_SDK.h */ = {isa = PBXFileReference; lastKnownFileType = sourcecode.c.h; path = Coopsi_iOS_SDK.h; sourceTree = "<group>"; };
		19B22E4D19D1AED200807F61 /* Coopsi-iOS-SDKTests.xctest */ = {isa = PBXFileReference; explicitFileType = wrapper.cfbundle; includeInIndex = 0; path = "Coopsi-iOS-SDKTests.xctest"; sourceTree = BUILT_PRODUCTS_DIR; };
		19B22E5019D1AED200807F61 /* Info.plist */ = {isa = PBXFileReference; lastKnownFileType = text.plist.xml; path = Info.plist; sourceTree = "<group>"; };
		19B22E5919D1AF0E00807F61 /* CoopsiCoin.h */ = {isa = PBXFileReference; fileEncoding = 4; lastKnownFileType = sourcecode.c.h; path = CoopsiCoin.h; sourceTree = "<group>"; };
		19B22E5A19D1AF0E00807F61 /* CoopsiCoin.m */ = {isa = PBXFileReference; fileEncoding = 4; lastKnownFileType = sourcecode.c.objc; path = CoopsiCoin.m; sourceTree = "<group>"; };
		19B22E5B19D1AF0E00807F61 /* WalletViewController.h */ = {isa = PBXFileReference; fileEncoding = 4; lastKnownFileType = sourcecode.c.h; path = WalletViewController.h; sourceTree = "<group>"; };
		19B22E5C19D1AF0E00807F61 /* WalletViewController.m */ = {isa = PBXFileReference; fileEncoding = 4; lastKnownFileType = sourcecode.c.objc; path = WalletViewController.m; sourceTree = "<group>"; };
		19B22E5D19D1AF0E00807F61 /* WalletViewController.xib */ = {isa = PBXFileReference; fileEncoding = 4; lastKnownFileType = file.xib; path = WalletViewController.xib; sourceTree = "<group>"; };
/* End PBXFileReference section */

/* Begin PBXFrameworksBuildPhase section */
		19696A5719D80DC300954EC5 /* Frameworks */ = {
			isa = PBXFrameworksBuildPhase;
			buildActionMask = 2147483647;
			files = (
			);
			runOnlyForDeploymentPostprocessing = 0;
		};
		19B22E3F19D1AED200807F61 /* Frameworks */ = {
			isa = PBXFrameworksBuildPhase;
			buildActionMask = 2147483647;
			files = (
			);
			runOnlyForDeploymentPostprocessing = 0;
		};
		19B22E4A19D1AED200807F61 /* Frameworks */ = {
			isa = PBXFrameworksBuildPhase;
			buildActionMask = 2147483647;
			files = (
			);
			runOnlyForDeploymentPostprocessing = 0;
		};
/* End PBXFrameworksBuildPhase section */

/* Begin PBXGroup section */
		19696A5B19D80DC300954EC5 /* CoopsiResources */ = {
			isa = PBXGroup;
			children = (
				19696A5C19D80DC300954EC5 /* Supporting Files */,
			);
			path = CoopsiResources;
			sourceTree = "<group>";
		};
		19696A5C19D80DC300954EC5 /* Supporting Files */ = {
			isa = PBXGroup;
			children = (
				19696A5D19D80DC300954EC5 /* Info.plist */,
			);
			name = "Supporting Files";
			sourceTree = "<group>";
		};
		19B22E3919D1AED200807F61 = {
			isa = PBXGroup;
			children = (
				19B22E4419D1AED200807F61 /* Coopsi-iOS-SDK */,
				19B22E4E19D1AED200807F61 /* Coopsi-iOS-SDKTests */,
				19696A5B19D80DC300954EC5 /* CoopsiResources */,
				19B22E4319D1AED200807F61 /* Products */,
			);
			sourceTree = "<group>";
		};
		19B22E4319D1AED200807F61 /* Products */ = {
			isa = PBXGroup;
			children = (
				19B22E4219D1AED200807F61 /* libCoopsi-iOS-SDK.a */,
				19B22E4D19D1AED200807F61 /* Coopsi-iOS-SDKTests.xctest */,
				19696A5A19D80DC300954EC5 /* Coopsi.bundle */,
			);
			name = Products;
			sourceTree = "<group>";
		};
		19B22E4419D1AED200807F61 /* Coopsi-iOS-SDK */ = {
			isa = PBXGroup;
			children = (
				19B22E4519D1AED200807F61 /* Coopsi_iOS_SDK.h */,
				19B22E5919D1AF0E00807F61 /* CoopsiCoin.h */,
				19B22E5A19D1AF0E00807F61 /* CoopsiCoin.m */,
				19B22E5B19D1AF0E00807F61 /* WalletViewController.h */,
				19B22E5C19D1AF0E00807F61 /* WalletViewController.m */,
				19B22E5D19D1AF0E00807F61 /* WalletViewController.xib */,
			);
			path = "Coopsi-iOS-SDK";
			sourceTree = "<group>";
		};
		19B22E4E19D1AED200807F61 /* Coopsi-iOS-SDKTests */ = {
			isa = PBXGroup;
			children = (
				19B22E4F19D1AED200807F61 /* Supporting Files */,
			);
			path = "Coopsi-iOS-SDKTests";
			sourceTree = "<group>";
		};
		19B22E4F19D1AED200807F61 /* Supporting Files */ = {
			isa = PBXGroup;
			children = (
				19B22E5019D1AED200807F61 /* Info.plist */,
			);
			name = "Supporting Files";
			sourceTree = "<group>";
		};
/* End PBXGroup section */

/* Begin PBXHeadersBuildPhase section */
		19B22E6019D1AF1C00807F61 /* Headers */ = {
			isa = PBXHeadersBuildPhase;
			buildActionMask = 2147483647;
			files = (
				19B22E6119D1AF2200807F61 /* Coopsi_iOS_SDK.h in Headers */,
				19B22E6219D1AF6300807F61 /* WalletViewController.h in Headers */,
			);
			runOnlyForDeploymentPostprocessing = 0;
		};
/* End PBXHeadersBuildPhase section */

/* Begin PBXNativeTarget section */
		19696A5919D80DC300954EC5 /* CoopsiResources */ = {
			isa = PBXNativeTarget;
			buildConfigurationList = 19696A6019D80DC300954EC5 /* Build configuration list for PBXNativeTarget "CoopsiResources" */;
			buildPhases = (
				19696A5619D80DC300954EC5 /* Sources */,
				19696A5719D80DC300954EC5 /* Frameworks */,
				19696A5819D80DC300954EC5 /* Resources */,
			);
			buildRules = (
			);
			dependencies = (
			);
			name = CoopsiResources;
			productName = CoopsiResources;
			productReference = 19696A5A19D80DC300954EC5 /* Coopsi.bundle */;
			productType = "com.apple.product-type.bundle";
		};
		19B22E4119D1AED200807F61 /* Coopsi-iOS-SDK */ = {
			isa = PBXNativeTarget;
			buildConfigurationList = 19B22E5319D1AED200807F61 /* Build configuration list for PBXNativeTarget "Coopsi-iOS-SDK" */;
			buildPhases = (
				19B22E3E19D1AED200807F61 /* Sources */,
				19B22E3F19D1AED200807F61 /* Frameworks */,
				19B22E4019D1AED200807F61 /* CopyFiles */,
				19B22E6019D1AF1C00807F61 /* Headers */,
			);
			buildRules = (
			);
			dependencies = (
			);
			name = "Coopsi-iOS-SDK";
			productName = "Coopsi-iOS-SDK";
			productReference = 19B22E4219D1AED200807F61 /* libCoopsi-iOS-SDK.a */;
			productType = "com.apple.product-type.library.static";
		};
		19B22E4C19D1AED200807F61 /* Coopsi-iOS-SDKTests */ = {
			isa = PBXNativeTarget;
			buildConfigurationList = 19B22E5619D1AED200807F61 /* Build configuration list for PBXNativeTarget "Coopsi-iOS-SDKTests" */;
			buildPhases = (
				19B22E4919D1AED200807F61 /* Sources */,
				19B22E4A19D1AED200807F61 /* Frameworks */,
				19B22E4B19D1AED200807F61 /* Resources */,
			);
			buildRules = (
			);
			dependencies = (
			);
			name = "Coopsi-iOS-SDKTests";
			productName = "Coopsi-iOS-SDKTests";
			productReference = 19B22E4D19D1AED200807F61 /* Coopsi-iOS-SDKTests.xctest */;
			productType = "com.apple.product-type.bundle.unit-test";
		};
/* End PBXNativeTarget section */

/* Begin PBXProject section */
		19B22E3A19D1AED200807F61 /* Project object */ = {
			isa = PBXProject;
			attributes = {
				LastUpgradeCheck = 0600;
				ORGANIZATIONNAME = Coopsi;
				TargetAttributes = {
					195A35AC19D80AEA001E948D = {
						CreatedOnToolsVersion = 6.0.1;
					};
					19696A5919D80DC300954EC5 = {
						CreatedOnToolsVersion = 6.0.1;
					};
					19B22E4119D1AED200807F61 = {
						CreatedOnToolsVersion = 6.0.1;
					};
					19B22E4C19D1AED200807F61 = {
						CreatedOnToolsVersion = 6.0.1;
					};
				};
			};
			buildConfigurationList = 19B22E3D19D1AED200807F61 /* Build configuration list for PBXProject "Coopsi-iOS-SDK" */;
			compatibilityVersion = "Xcode 3.2";
			developmentRegion = English;
			hasScannedForEncodings = 0;
			knownRegions = (
				en,
			);
			mainGroup = 19B22E3919D1AED200807F61;
			productRefGroup = 19B22E4319D1AED200807F61 /* Products */;
			projectDirPath = "";
			projectRoot = "";
			targets = (
				19B22E4119D1AED200807F61 /* Coopsi-iOS-SDK */,
				19B22E4C19D1AED200807F61 /* Coopsi-iOS-SDKTests */,
				195A35AC19D80AEA001E948D /* Framework */,
				19696A5919D80DC300954EC5 /* CoopsiResources */,
			);
		};
/* End PBXProject section */

/* Begin PBXResourcesBuildPhase section */
		19696A5819D80DC300954EC5 /* Resources */ = {
			isa = PBXResourcesBuildPhase;
			buildActionMask = 2147483647;
			files = (
				19696A6319D8308B00954EC5 /* WalletViewController.xib in Resources */,
			);
			runOnlyForDeploymentPostprocessing = 0;
		};
		19B22E4B19D1AED200807F61 /* Resources */ = {
			isa = PBXResourcesBuildPhase;
			buildActionMask = 2147483647;
			files = (
			);
			runOnlyForDeploymentPostprocessing = 0;
		};
/* End PBXResourcesBuildPhase section */

/* Begin PBXSourcesBuildPhase section */
		19696A5619D80DC300954EC5 /* Sources */ = {
			isa = PBXSourcesBuildPhase;
			buildActionMask = 2147483647;
			files = (
			);
			runOnlyForDeploymentPostprocessing = 0;
		};
		19B22E3E19D1AED200807F61 /* Sources */ = {
			isa = PBXSourcesBuildPhase;
			buildActionMask = 2147483647;
			files = (
				19B22E5E19D1AF0E00807F61 /* CoopsiCoin.m in Sources */,
				19B22E5F19D1AF0E00807F61 /* WalletViewController.m in Sources */,
			);
			runOnlyForDeploymentPostprocessing = 0;
		};
		19B22E4919D1AED200807F61 /* Sources */ = {
			isa = PBXSourcesBuildPhase;
			buildActionMask = 2147483647;
			files = (
			);
			runOnlyForDeploymentPostprocessing = 0;
		};
/* End PBXSourcesBuildPhase section */

/* Begin PBXTargetDependency section */
		195A35B119D80B0B001E948D /* PBXTargetDependency */ = {
			isa = PBXTargetDependency;
			target = 19B22E4119D1AED200807F61 /* Coopsi-iOS-SDK */;
			targetProxy = 195A35B019D80B0B001E948D /* PBXContainerItemProxy */;
		};
		19696A6219D80E2100954EC5 /* PBXTargetDependency */ = {
			isa = PBXTargetDependency;
			target = 19696A5919D80DC300954EC5 /* CoopsiResources */;
			targetProxy = 19696A6119D80E2100954EC5 /* PBXContainerItemProxy */;
		};
/* End PBXTargetDependency section */

/* Begin XCBuildConfiguration section */
		195A35AD19D80AEA001E948D /* Debug */ = {
			isa = XCBuildConfiguration;
			buildSettings = {
				PRODUCT_NAME = "$(TARGET_NAME)";
			};
			name = Debug;
		};
		195A35AE19D80AEA001E948D /* Release */ = {
			isa = XCBuildConfiguration;
			buildSettings = {
				PRODUCT_NAME = "$(TARGET_NAME)";
			};
			name = Release;
		};
		19696A5E19D80DC300954EC5 /* Debug */ = {
			isa = XCBuildConfiguration;
			buildSettings = {
				COMBINE_HIDPI_IMAGES = NO;
				GCC_PREPROCESSOR_DEFINITIONS = (
					"DEBUG=1",
					"$(inherited)",
				);
				INFOPLIST_FILE = CoopsiResources/Info.plist;
				INSTALL_PATH = "$(LOCAL_LIBRARY_DIR)/Bundles";
				MACOSX_DEPLOYMENT_TARGET = 10.10;
				PRODUCT_NAME = Coopsi;
				SKIP_INSTALL = YES;
				WRAPPER_EXTENSION = bundle;
			};
			name = Debug;
		};
		19696A5F19D80DC300954EC5 /* Release */ = {
			isa = XCBuildConfiguration;
			buildSettings = {
				COMBINE_HIDPI_IMAGES = NO;
				DEBUG_INFORMATION_FORMAT = "dwarf-with-dsym";
				INFOPLIST_FILE = CoopsiResources/Info.plist;
				INSTALL_PATH = "$(LOCAL_LIBRARY_DIR)/Bundles";
				MACOSX_DEPLOYMENT_TARGET = 10.10;
				PRODUCT_NAME = Coopsi;
				SKIP_INSTALL = YES;
				WRAPPER_EXTENSION = bundle;
			};
			name = Release;
		};
		19B22E5119D1AED200807F61 /* Debug */ = {
			isa = XCBuildConfiguration;
			buildSettings = {
				ALWAYS_SEARCH_USER_PATHS = NO;
				CLANG_CXX_LANGUAGE_STANDARD = "gnu++0x";
				CLANG_CXX_LIBRARY = "libc++";
				CLANG_ENABLE_MODULES = YES;
				CLANG_ENABLE_OBJC_ARC = YES;
				CLANG_WARN_BOOL_CONVERSION = YES;
				CLANG_WARN_CONSTANT_CONVERSION = YES;
				CLANG_WARN_DIRECT_OBJC_ISA_USAGE = YES_ERROR;
				CLANG_WARN_EMPTY_BODY = YES;
				CLANG_WARN_ENUM_CONVERSION = YES;
				CLANG_WARN_INT_CONVERSION = YES;
				CLANG_WARN_OBJC_ROOT_CLASS = YES_ERROR;
				CLANG_WARN_UNREACHABLE_CODE = YES;
				CLANG_WARN__DUPLICATE_METHOD_MATCH = YES;
				COPY_PHASE_STRIP = NO;
				ENABLE_STRICT_OBJC_MSGSEND = YES;
				GCC_C_LANGUAGE_STANDARD = gnu99;
				GCC_DYNAMIC_NO_PIC = NO;
				GCC_OPTIMIZATION_LEVEL = 0;
				GCC_PREPROCESSOR_DEFINITIONS = (
					"DEBUG=1",
					"$(inherited)",
				);
				GCC_SYMBOLS_PRIVATE_EXTERN = NO;
				GCC_WARN_64_TO_32_BIT_CONVERSION = YES;
				GCC_WARN_ABOUT_RETURN_TYPE = YES_ERROR;
				GCC_WARN_UNDECLARED_SELECTOR = YES;
				GCC_WARN_UNINITIALIZED_AUTOS = YES_AGGRESSIVE;
				GCC_WARN_UNUSED_FUNCTION = YES;
				GCC_WARN_UNUSED_VARIABLE = YES;
				IPHONEOS_DEPLOYMENT_TARGET = 8.0;
				MTL_ENABLE_DEBUG_INFO = YES;
				ONLY_ACTIVE_ARCH = YES;
				SDKROOT = iphoneos;
			};
			name = Debug;
		};
		19B22E5219D1AED200807F61 /* Release */ = {
			isa = XCBuildConfiguration;
			buildSettings = {
				ALWAYS_SEARCH_USER_PATHS = NO;
				CLANG_CXX_LANGUAGE_STANDARD = "gnu++0x";
				CLANG_CXX_LIBRARY = "libc++";
				CLANG_ENABLE_MODULES = YES;
				CLANG_ENABLE_OBJC_ARC = YES;
				CLANG_WARN_BOOL_CONVERSION = YES;
				CLANG_WARN_CONSTANT_CONVERSION = YES;
				CLANG_WARN_DIRECT_OBJC_ISA_USAGE = YES_ERROR;
				CLANG_WARN_EMPTY_BODY = YES;
				CLANG_WARN_ENUM_CONVERSION = YES;
				CLANG_WARN_INT_CONVERSION = YES;
				CLANG_WARN_OBJC_ROOT_CLASS = YES_ERROR;
				CLANG_WARN_UNREACHABLE_CODE = YES;
				CLANG_WARN__DUPLICATE_METHOD_MATCH = YES;
				COPY_PHASE_STRIP = YES;
				ENABLE_NS_ASSERTIONS = NO;
				ENABLE_STRICT_OBJC_MSGSEND = YES;
				GCC_C_LANGUAGE_STANDARD = gnu99;
				GCC_WARN_64_TO_32_BIT_CONVERSION = YES;
				GCC_WARN_ABOUT_RETURN_TYPE = YES_ERROR;
				GCC_WARN_UNDECLARED_SELECTOR = YES;
				GCC_WARN_UNINITIALIZED_AUTOS = YES_AGGRESSIVE;
				GCC_WARN_UNUSED_FUNCTION = YES;
				GCC_WARN_UNUSED_VARIABLE = YES;
				IPHONEOS_DEPLOYMENT_TARGET = 8.0;
				MTL_ENABLE_DEBUG_INFO = NO;
				SDKROOT = iphoneos;
				VALIDATE_PRODUCT = YES;
			};
			name = Release;
		};
		19B22E5419D1AED200807F61 /* Debug */ = {
			isa = XCBuildConfiguration;
			buildSettings = {
				DEAD_CODE_STRIPPING = NO;
				OTHER_LDFLAGS = "-ObjC";
				PRODUCT_NAME = "$(TARGET_NAME)";
				PUBLIC_HEADERS_FOLDER_PATH = "include/$(PROJECT_NAME)";
				SKIP_INSTALL = YES;
				STRIP_STYLE = "non-global";
			};
			name = Debug;
		};
		19B22E5519D1AED200807F61 /* Release */ = {
			isa = XCBuildConfiguration;
			buildSettings = {
				COPY_PHASE_STRIP = NO;
				DEAD_CODE_STRIPPING = NO;
				OTHER_LDFLAGS = "-ObjC";
				PRODUCT_NAME = "$(TARGET_NAME)";
				PUBLIC_HEADERS_FOLDER_PATH = "include/$(PROJECT_NAME)";
				SKIP_INSTALL = YES;
				STRIP_STYLE = "non-global";
			};
			name = Release;
		};
		19B22E5719D1AED200807F61 /* Debug */ = {
			isa = XCBuildConfiguration;
			buildSettings = {
				FRAMEWORK_SEARCH_PATHS = (
					"$(SDKROOT)/Developer/Library/Frameworks",
					"$(inherited)",
				);
				GCC_PREPROCESSOR_DEFINITIONS = (
					"DEBUG=1",
					"$(inherited)",
				);
				INFOPLIST_FILE = "Coopsi-iOS-SDKTests/Info.plist";
				LD_RUNPATH_SEARCH_PATHS = "$(inherited) @executable_path/Frameworks @loader_path/Frameworks";
				PRODUCT_NAME = "$(TARGET_NAME)";
			};
			name = Debug;
		};
		19B22E5819D1AED200807F61 /* Release */ = {
			isa = XCBuildConfiguration;
			buildSettings = {
				FRAMEWORK_SEARCH_PATHS = (
					"$(SDKROOT)/Developer/Library/Frameworks",
					"$(inherited)",
				);
				INFOPLIST_FILE = "Coopsi-iOS-SDKTests/Info.plist";
				LD_RUNPATH_SEARCH_PATHS = "$(inherited) @executable_path/Frameworks @loader_path/Frameworks";
				PRODUCT_NAME = "$(TARGET_NAME)";
			};
			name = Release;
		};
/* End XCBuildConfiguration section */

/* Begin XCConfigurationList section */
		195A35AF19D80AEA001E948D /* Build configuration list for PBXAggregateTarget "Framework" */ = {
			isa = XCConfigurationList;
			buildConfigurations = (
				195A35AD19D80AEA001E948D /* Debug */,
				195A35AE19D80AEA001E948D /* Release */,
			);
			defaultConfigurationIsVisible = 0;
			defaultConfigurationName = Release;
		};
		19696A6019D80DC300954EC5 /* Build configuration list for PBXNativeTarget "CoopsiResources" */ = {
			isa = XCConfigurationList;
			buildConfigurations = (
				19696A5E19D80DC300954EC5 /* Debug */,
				19696A5F19D80DC300954EC5 /* Release */,
			);
			defaultConfigurationIsVisible = 0;
		};
		19B22E3D19D1AED200807F61 /* Build configuration list for PBXProject "Coopsi-iOS-SDK" */ = {
			isa = XCConfigurationList;
			buildConfigurations = (
				19B22E5119D1AED200807F61 /* Debug */,
				19B22E5219D1AED200807F61 /* Release */,
			);
			defaultConfigurationIsVisible = 0;
			defaultConfigurationName = Release;
		};
		19B22E5319D1AED200807F61 /* Build configuration list for PBXNativeTarget "Coopsi-iOS-SDK" */ = {
			isa = XCConfigurationList;
			buildConfigurations = (
				19B22E5419D1AED200807F61 /* Debug */,
				19B22E5519D1AED200807F61 /* Release */,
			);
			defaultConfigurationIsVisible = 0;
			defaultConfigurationName = Release;
		};
		19B22E5619D1AED200807F61 /* Build configuration list for PBXNativeTarget "Coopsi-iOS-SDKTests" */ = {
			isa = XCConfigurationList;
			buildConfigurations = (
				19B22E5719D1AED200807F61 /* Debug */,
				19B22E5819D1AED200807F61 /* Release */,
			);
			defaultConfigurationIsVisible = 0;
			defaultConfigurationName = Release;
		};
/* End XCConfigurationList section */
	};
	rootObject = 19B22E3A19D1AED200807F61 /* Project object */;
}
