// !$*UTF8*$!
{
	archiveVersion = 1;
	classes = {
	};
	objectVersion = 46;
	objects = {

/* Begin PBXBuildFile section */
		19B22E4619D1AED200807F61 /* Coopsi_iOS_SDK.h in CopyFiles */ = {isa = PBXBuildFile; fileRef = 19B22E4519D1AED200807F61 /* Coopsi_iOS_SDK.h */; };
		19B22E4819D1AED200807F61 /* Coopsi_iOS_SDK.m in Sources */ = {isa = PBXBuildFile; fileRef = 19B22E4719D1AED200807F61 /* Coopsi_iOS_SDK.m */; };
/* End PBXBuildFile section */

/* Begin PBXCopyFilesBuildPhase section */
		19B22E4019D1AED200807F61 /* CopyFiles */ = {
			isa = PBXCopyFilesBuildPhase;
			buildActionMask = 2147483647;
			dstPath = "include/$(PRODUCT_NAME)";
			dstSubfolderSpec = 16;
			files = (
				19B22E4619D1AED200807F61 /* Coopsi_iOS_SDK.h in CopyFiles */,
			);
			runOnlyForDeploymentPostprocessing = 0;
		};
/* End PBXCopyFilesBuildPhase section */

/* Begin PBXFileReference section */
		19B22E4219D1AED200807F61 /* libCoopsi-iOS-SDK.a */ = {isa = PBXFileReference; explicitFileType = archive.ar; includeInIndex = 0; path = "libCoopsi-iOS-SDK.a"; sourceTree = BUILT_PRODUCTS_DIR; };
		19B22E4519D1AED200807F61 /* Coopsi_iOS_SDK.h */ = {isa = PBXFileReference; lastKnownFileType = sourcecode.c.h; path = Coopsi_iOS_SDK.h; sourceTree = "<group>"; };
		19B22E4719D1AED200807F61 /* Coopsi_iOS_SDK.m */ = {isa = PBXFileReference; lastKnownFileType = sourcecode.c.objc; path = Coopsi_iOS_SDK.m; sourceTree = "<group>"; };
		19B22E4D19D1AED200807F61 /* Coopsi-iOS-SDKTests.xctest */ = {isa = PBXFileReference; explicitFileType = wrapper.cfbundle; includeInIndex = 0; path = "Coopsi-iOS-SDKTests.xctest"; sourceTree = BUILT_PRODUCTS_DIR; };
		19B22E5019D1AED200807F61 /* Info.plist */ = {isa = PBXFileReference; lastKnownFileType = text.plist.xml; path = Info.plist; sourceTree = "<group>"; };
/* End PBXFileReference section */

/* Begin PBXFrameworksBuildPhase section */
		19B22E3F19D1AED200807F61 /* Frameworks */ = {
			isa = PBXFrameworksBuildPhase;
			buildActionMask = 2147483647;
			files = (
			);
			runOnlyForDeploymentPostprocessing = 0;
		};
		19B22E4A19D1AED200807F61 /* Frameworks */ = {
			isa = PBXFrameworksBuildPhase;
			buildActionMask = 2147483647;
			files = (
			);
			runOnlyForDeploymentPostprocessing = 0;
		};
/* End PBXFrameworksBuildPhase section */

/* Begin PBXGroup section */
		19B22E3919D1AED200807F61 = {
			isa = PBXGroup;
			children = (
				19B22E4419D1AED200807F61 /* Coopsi-iOS-SDK */,
				19B22E4E19D1AED200807F61 /* Coopsi-iOS-SDKTests */,
				19B22E4319D1AED200807F61 /* Products */,
			);
			sourceTree = "<group>";
		};
		19B22E4319D1AED200807F61 /* Products */ = {
			isa = PBXGroup;
			children = (
				19B22E4219D1AED200807F61 /* libCoopsi-iOS-SDK.a */,
				19B22E4D19D1AED200807F61 /* Coopsi-iOS-SDKTests.xctest */,
			);
			name = Products;
			sourceTree = "<group>";
		};
		19B22E4419D1AED200807F61 /* Coopsi-iOS-SDK */ = {
			isa = PBXGroup;
			children = (
				19B22E4519D1AED200807F61 /* Coopsi_iOS_SDK.h */,
				19B22E4719D1AED200807F61 /* Coopsi_iOS_SDK.m */,
			);
			path = "Coopsi-iOS-SDK";
			sourceTree = "<group>";
		};
		19B22E4E19D1AED200807F61 /* Coopsi-iOS-SDKTests */ = {
			isa = PBXGroup;
			children = (
				19B22E4F19D1AED200807F61 /* Supporting Files */,
			);
			path = "Coopsi-iOS-SDKTests";
			sourceTree = "<group>";
		};
		19B22E4F19D1AED200807F61 /* Supporting Files */ = {
			isa = PBXGroup;
			children = (
				19B22E5019D1AED200807F61 /* Info.plist */,
			);
			name = "Supporting Files";
			sourceTree = "<group>";
		};
/* End PBXGroup section */

/* Begin PBXNativeTarget section */
		19B22E4119D1AED200807F61 /* Coopsi-iOS-SDK */ = {
			isa = PBXNativeTarget;
			buildConfigurationList = 19B22E5319D1AED200807F61 /* Build configuration list for PBXNativeTarget "Coopsi-iOS-SDK" */;
			buildPhases = (
				19B22E3E19D1AED200807F61 /* Sources */,
				19B22E3F19D1AED200807F61 /* Frameworks */,
				19B22E4019D1AED200807F61 /* CopyFiles */,
			);
			buildRules = (
			);
			dependencies = (
			);
			name = "Coopsi-iOS-SDK";
			productName = "Coopsi-iOS-SDK";
			productReference = 19B22E4219D1AED200807F61 /* libCoopsi-iOS-SDK.a */;
			productType = "com.apple.product-type.library.static";
		};
		19B22E4C19D1AED200807F61 /* Coopsi-iOS-SDKTests */ = {
			isa = PBXNativeTarget;
			buildConfigurationList = 19B22E5619D1AED200807F61 /* Build configuration list for PBXNativeTarget "Coopsi-iOS-SDKTests" */;
			buildPhases = (
				19B22E4919D1AED200807F61 /* Sources */,
				19B22E4A19D1AED200807F61 /* Frameworks */,
				19B22E4B19D1AED200807F61 /* Resources */,
			);
			buildRules = (
			);
			dependencies = (
			);
			name = "Coopsi-iOS-SDKTests";
			productName = "Coopsi-iOS-SDKTests";
			productReference = 19B22E4D19D1AED200807F61 /* Coopsi-iOS-SDKTests.xctest */;
			productType = "com.apple.product-type.bundle.unit-test";
		};
/* End PBXNativeTarget section */

/* Begin PBXProject section */
		19B22E3A19D1AED200807F61 /* Project object */ = {
			isa = PBXProject;
			attributes = {
				LastUpgradeCheck = 0600;
				ORGANIZATIONNAME = Coopsi;
				TargetAttributes = {
					19B22E4119D1AED200807F61 = {
						CreatedOnToolsVersion = 6.0.1;
					};
					19B22E4C19D1AED200807F61 = {
						CreatedOnToolsVersion = 6.0.1;
					};
				};
			};
			buildConfigurationList = 19B22E3D19D1AED200807F61 /* Build configuration list for PBXProject "Coopsi-iOS-SDK" */;
			compatibilityVersion = "Xcode 3.2";
			developmentRegion = English;
			hasScannedForEncodings = 0;
			knownRegions = (
				en,
			);
			mainGroup = 19B22E3919D1AED200807F61;
			productRefGroup = 19B22E4319D1AED200807F61 /* Products */;
			projectDirPath = "";
			projectRoot = "";
			targets = (
				19B22E4119D1AED200807F61 /* Coopsi-iOS-SDK */,
				19B22E4C19D1AED200807F61 /* Coopsi-iOS-SDKTests */,
			);
		};
/* End PBXProject section */

/* Begin PBXResourcesBuildPhase section */
		19B22E4B19D1AED200807F61 /* Resources */ = {
			isa = PBXResourcesBuildPhase;
			buildActionMask = 2147483647;
			files = (
			);
			runOnlyForDeploymentPostprocessing = 0;
		};
/* End PBXResourcesBuildPhase section */

/* Begin PBXSourcesBuildPhase section */
		19B22E3E19D1AED200807F61 /* Sources */ = {
			isa = PBXSourcesBuildPhase;
			buildActionMask = 2147483647;
			files = (
				19B22E4819D1AED200807F61 /* Coopsi_iOS_SDK.m in Sources */,
			);
			runOnlyForDeploymentPostprocessing = 0;
		};
		19B22E4919D1AED200807F61 /* Sources */ = {
			isa = PBXSourcesBuildPhase;
			buildActionMask = 2147483647;
			files = (
			);
			runOnlyForDeploymentPostprocessing = 0;
		};
/* End PBXSourcesBuildPhase section */

/* Begin XCBuildConfiguration section */
		19B22E5119D1AED200807F61 /* Debug */ = {
			isa = XCBuildConfiguration;
			buildSettings = {
				ALWAYS_SEARCH_USER_PATHS = NO;
				CLANG_CXX_LANGUAGE_STANDARD = "gnu++0x";
				CLANG_CXX_LIBRARY = "libc++";
				CLANG_ENABLE_MODULES = YES;
				CLANG_ENABLE_OBJC_ARC = YES;
				CLANG_WARN_BOOL_CONVERSION = YES;
				CLANG_WARN_CONSTANT_CONVERSION = YES;
				CLANG_WARN_DIRECT_OBJC_ISA_USAGE = YES_ERROR;
				CLANG_WARN_EMPTY_BODY = YES;
				CLANG_WARN_ENUM_CONVERSION = YES;
				CLANG_WARN_INT_CONVERSION = YES;
				CLANG_WARN_OBJC_ROOT_CLASS = YES_ERROR;
				CLANG_WARN_UNREACHABLE_CODE = YES;
				CLANG_WARN__DUPLICATE_METHOD_MATCH = YES;
				COPY_PHASE_STRIP = NO;
				ENABLE_STRICT_OBJC_MSGSEND = YES;
				GCC_C_LANGUAGE_STANDARD = gnu99;
				GCC_DYNAMIC_NO_PIC = NO;
				GCC_OPTIMIZATION_LEVEL = 0;
				GCC_PREPROCESSOR_DEFINITIONS = (
					"DEBUG=1",
					"$(inherited)",
				);
				GCC_SYMBOLS_PRIVATE_EXTERN = NO;
				GCC_WARN_64_TO_32_BIT_CONVERSION = YES;
				GCC_WARN_ABOUT_RETURN_TYPE = YES_ERROR;
				GCC_WARN_UNDECLARED_SELECTOR = YES;
				GCC_WARN_UNINITIALIZED_AUTOS = YES_AGGRESSIVE;
				GCC_WARN_UNUSED_FUNCTION = YES;
				GCC_WARN_UNUSED_VARIABLE = YES;
				IPHONEOS_DEPLOYMENT_TARGET = 8.0;
				MTL_ENABLE_DEBUG_INFO = YES;
				ONLY_ACTIVE_ARCH = YES;
				SDKROOT = iphoneos;
			};
			name = Debug;
		};
		19B22E5219D1AED200807F61 /* Release */ = {
			isa = XCBuildConfiguration;
			buildSettings = {
				ALWAYS_SEARCH_USER_PATHS = NO;
				CLANG_CXX_LANGUAGE_STANDARD = "gnu++0x";
				CLANG_CXX_LIBRARY = "libc++";
				CLANG_ENABLE_MODULES = YES;
				CLANG_ENABLE_OBJC_ARC = YES;
				CLANG_WARN_BOOL_CONVERSION = YES;
				CLANG_WARN_CONSTANT_CONVERSION = YES;
				CLANG_WARN_DIRECT_OBJC_ISA_USAGE = YES_ERROR;
				CLANG_WARN_EMPTY_BODY = YES;
				CLANG_WARN_ENUM_CONVERSION = YES;
				CLANG_WARN_INT_CONVERSION = YES;
				CLANG_WARN_OBJC_ROOT_CLASS = YES_ERROR;
				CLANG_WARN_UNREACHABLE_CODE = YES;
				CLANG_WARN__DUPLICATE_METHOD_MATCH = YES;
				COPY_PHASE_STRIP = YES;
				ENABLE_NS_ASSERTIONS = NO;
				ENABLE_STRICT_OBJC_MSGSEND = YES;
				GCC_C_LANGUAGE_STANDARD = gnu99;
				GCC_WARN_64_TO_32_BIT_CONVERSION = YES;
				GCC_WARN_ABOUT_RETURN_TYPE = YES_ERROR;
				GCC_WARN_UNDECLARED_SELECTOR = YES;
				GCC_WARN_UNINITIALIZED_AUTOS = YES_AGGRESSIVE;
				GCC_WARN_UNUSED_FUNCTION = YES;
				GCC_WARN_UNUSED_VARIABLE = YES;
				IPHONEOS_DEPLOYMENT_TARGET = 8.0;
				MTL_ENABLE_DEBUG_INFO = NO;
				SDKROOT = iphoneos;
				VALIDATE_PRODUCT = YES;
			};
			name = Release;
		};
		19B22E5419D1AED200807F61 /* Debug */ = {
			isa = XCBuildConfiguration;
			buildSettings = {
				OTHER_LDFLAGS = "-ObjC";
				PRODUCT_NAME = "$(TARGET_NAME)";
				SKIP_INSTALL = YES;
			};
			name = Debug;
		};
		19B22E5519D1AED200807F61 /* Release */ = {
			isa = XCBuildConfiguration;
			buildSettings = {
				OTHER_LDFLAGS = "-ObjC";
				PRODUCT_NAME = "$(TARGET_NAME)";
				SKIP_INSTALL = YES;
			};
			name = Release;
		};
		19B22E5719D1AED200807F61 /* Debug */ = {
			isa = XCBuildConfiguration;
			buildSettings = {
				FRAMEWORK_SEARCH_PATHS = (
					"$(SDKROOT)/Developer/Library/Frameworks",
					"$(inherited)",
				);
				GCC_PREPROCESSOR_DEFINITIONS = (
					"DEBUG=1",
					"$(inherited)",
				);
				INFOPLIST_FILE = "Coopsi-iOS-SDKTests/Info.plist";
				LD_RUNPATH_SEARCH_PATHS = "$(inherited) @executable_path/Frameworks @loader_path/Frameworks";
				PRODUCT_NAME = "$(TARGET_NAME)";
			};
			name = Debug;
		};
		19B22E5819D1AED200807F61 /* Release */ = {
			isa = XCBuildConfiguration;
			buildSettings = {
				FRAMEWORK_SEARCH_PATHS = (
					"$(SDKROOT)/Developer/Library/Frameworks",
					"$(inherited)",
				);
				INFOPLIST_FILE = "Coopsi-iOS-SDKTests/Info.plist";
				LD_RUNPATH_SEARCH_PATHS = "$(inherited) @executable_path/Frameworks @loader_path/Frameworks";
				PRODUCT_NAME = "$(TARGET_NAME)";
			};
			name = Release;
		};
/* End XCBuildConfiguration section */

/* Begin XCConfigurationList section */
		19B22E3D19D1AED200807F61 /* Build configuration list for PBXProject "Coopsi-iOS-SDK" */ = {
			isa = XCConfigurationList;
			buildConfigurations = (
				19B22E5119D1AED200807F61 /* Debug */,
				19B22E5219D1AED200807F61 /* Release */,
			);
			defaultConfigurationIsVisible = 0;
			defaultConfigurationName = Release;
		};
		19B22E5319D1AED200807F61 /* Build configuration list for PBXNativeTarget "Coopsi-iOS-SDK" */ = {
			isa = XCConfigurationList;
			buildConfigurations = (
				19B22E5419D1AED200807F61 /* Debug */,
				19B22E5519D1AED200807F61 /* Release */,
			);
			defaultConfigurationIsVisible = 0;
		};
		19B22E5619D1AED200807F61 /* Build configuration list for PBXNativeTarget "Coopsi-iOS-SDKTests" */ = {
			isa = XCConfigurationList;
			buildConfigurations = (
				19B22E5719D1AED200807F61 /* Debug */,
				19B22E5819D1AED200807F61 /* Release */,
			);
			defaultConfigurationIsVisible = 0;
		};
/* End XCConfigurationList section */
	};
	rootObject = 19B22E3A19D1AED200807F61 /* Project object */;
}
