// !$*UTF8*$!
{
	archiveVersion = 1;
	classes = {
	};
	objectVersion = 46;
	objects = {

/* Begin PBXAggregateTarget section */
		195A35AC19D80AEA001E948D /* Framework */ = {
			isa = PBXAggregateTarget;
			buildConfigurationList = 195A35AF19D80AEA001E948D /* Build configuration list for PBXAggregateTarget "Framework" */;
			buildPhases = (
			);
			dependencies = (
				19696A6219D80E2100954EC5 /* PBXTargetDependency */,
				195A35B119D80B0B001E948D /* PBXTargetDependency */,
			);
			name = Framework;
			productName = Framework;
		};
/* End PBXAggregateTarget section */

/* Begin PBXBuildFile section */
		19696A7119D84A0700954EC5 /* Main-iPhone.storyboard in Resources */ = {isa = PBXBuildFile; fileRef = 19696A6F19D8452800954EC5 /* Main-iPhone.storyboard */; };
		1989C21C19D9336A00950541 /* COWalletSummary.h in Headers */ = {isa = PBXBuildFile; fileRef = 1989C21A19D9336A00950541 /* COWalletSummary.h */; };
		1989C21D19D9336A00950541 /* COWalletSummary.m in Sources */ = {isa = PBXBuildFile; fileRef = 1989C21B19D9336A00950541 /* COWalletSummary.m */; };
		1989C21F19D937B700950541 /* Media.xcassets in Resources */ = {isa = PBXBuildFile; fileRef = 1989C21E19D937B700950541 /* Media.xcassets */; };
		1989C22419D992DA00950541 /* COMissionsTableViewCell.h in Headers */ = {isa = PBXBuildFile; fileRef = 1989C22219D992DA00950541 /* COMissionsTableViewCell.h */; };
		1989C22519D992DA00950541 /* COMissionsTableViewCell.m in Sources */ = {isa = PBXBuildFile; fileRef = 1989C22319D992DA00950541 /* COMissionsTableViewCell.m */; };
		1989C22819DA885900950541 /* COIcon.h in Headers */ = {isa = PBXBuildFile; fileRef = 1989C22619DA885900950541 /* COIcon.h */; };
		1989C22919DA885900950541 /* COIcon.m in Sources */ = {isa = PBXBuildFile; fileRef = 1989C22719DA885900950541 /* COIcon.m */; };
		1989C22D19DA887400950541 /* COCoopsiAmount.h in Headers */ = {isa = PBXBuildFile; fileRef = 1989C22A19DA887400950541 /* COCoopsiAmount.h */; };
		1989C22E19DA887400950541 /* COCoopsiAmount.m in Sources */ = {isa = PBXBuildFile; fileRef = 1989C22B19DA887400950541 /* COCoopsiAmount.m */; };
		1989C22F19DA88DD00950541 /* COCoopsiAmount.xib in Resources */ = {isa = PBXBuildFile; fileRef = 1989C22C19DA887400950541 /* COCoopsiAmount.xib */; };
		1989C23219DA894F00950541 /* Shared.h in Headers */ = {isa = PBXBuildFile; fileRef = 1989C23019DA894F00950541 /* Shared.h */; };
		1989C23319DA894F00950541 /* Shared.m in Sources */ = {isa = PBXBuildFile; fileRef = 1989C23119DA894F00950541 /* Shared.m */; };
		19B22E4619D1AED200807F61 /* Coopsi_iOS_SDK.h in CopyFiles */ = {isa = PBXBuildFile; fileRef = 19B22E4519D1AED200807F61 /* Coopsi_iOS_SDK.h */; };
		19B22E5E19D1AF0E00807F61 /* CoopsiCoin.m in Sources */ = {isa = PBXBuildFile; fileRef = 19B22E5A19D1AF0E00807F61 /* CoopsiCoin.m */; };
		19B22E5F19D1AF0E00807F61 /* WalletViewController.m in Sources */ = {isa = PBXBuildFile; fileRef = 19B22E5C19D1AF0E00807F61 /* WalletViewController.m */; };
		19B22E6119D1AF2200807F61 /* Coopsi_iOS_SDK.h in Headers */ = {isa = PBXBuildFile; fileRef = 19B22E4519D1AED200807F61 /* Coopsi_iOS_SDK.h */; settings = {ATTRIBUTES = (Public, ); }; };
		19B22E6219D1AF6300807F61 /* WalletViewController.h in Headers */ = {isa = PBXBuildFile; fileRef = 19B22E5B19D1AF0E00807F61 /* WalletViewController.h */; };
		19E152FA19DA974000F847B7 /* COMissionsCompletedDS.h in Headers */ = {isa = PBXBuildFile; fileRef = 19E152F819DA974000F847B7 /* COMissionsCompletedDS.h */; };
		19E152FB19DA974000F847B7 /* COMissionsCompletedDS.m in Sources */ = {isa = PBXBuildFile; fileRef = 19E152F919DA974000F847B7 /* COMissionsCompletedDS.m */; };
		19E152FD19DA977700F847B7 /* CompletedMissions.json in Resources */ = {isa = PBXBuildFile; fileRef = 19E152FC19DA977700F847B7 /* CompletedMissions.json */; };
		19E1530019DA97E700F847B7 /* CODataSource.h in Headers */ = {isa = PBXBuildFile; fileRef = 19E152FE19DA97E700F847B7 /* CODataSource.h */; };
		19E1530119DA97E700F847B7 /* CODataSource.m in Sources */ = {isa = PBXBuildFile; fileRef = 19E152FF19DA97E700F847B7 /* CODataSource.m */; };
		19E1530419DA9DCF00F847B7 /* COTableViewCell.h in Headers */ = {isa = PBXBuildFile; fileRef = 19E1530219DA9DCF00F847B7 /* COTableViewCell.h */; };
		19E1530519DA9DCF00F847B7 /* COTableViewCell.m in Sources */ = {isa = PBXBuildFile; fileRef = 19E1530319DA9DCF00F847B7 /* COTableViewCell.m */; };
		19E1530819DAB57800F847B7 /* COTableViewController.h in Headers */ = {isa = PBXBuildFile; fileRef = 19E1530619DAB57800F847B7 /* COTableViewController.h */; };
		19E1530919DAB57800F847B7 /* COTableViewController.m in Sources */ = {isa = PBXBuildFile; fileRef = 19E1530719DAB57800F847B7 /* COTableViewController.m */; };
		19E1530C19DAB58C00F847B7 /* CODataSourceRegistry.h in Headers */ = {isa = PBXBuildFile; fileRef = 19E1530A19DAB58C00F847B7 /* CODataSourceRegistry.h */; };
		19E1530D19DAB58C00F847B7 /* CODataSourceRegistry.m in Sources */ = {isa = PBXBuildFile; fileRef = 19E1530B19DAB58C00F847B7 /* CODataSourceRegistry.m */; };
		19E1531019DAB8E700F847B7 /* COViewController.h in Headers */ = {isa = PBXBuildFile; fileRef = 19E1530E19DAB8E700F847B7 /* COViewController.h */; };
		19E1531119DAB8E700F847B7 /* COViewController.m in Sources */ = {isa = PBXBuildFile; fileRef = 19E1530F19DAB8E700F847B7 /* COViewController.m */; };
/* End PBXBuildFile section */

/* Begin PBXContainerItemProxy section */
		195A35B019D80B0B001E948D /* PBXContainerItemProxy */ = {
			isa = PBXContainerItemProxy;
			containerPortal = 19B22E3A19D1AED200807F61 /* Project object */;
			proxyType = 1;
			remoteGlobalIDString = 19B22E4119D1AED200807F61;
			remoteInfo = "Coopsi-iOS-SDK";
		};
		19696A6119D80E2100954EC5 /* PBXContainerItemProxy */ = {
			isa = PBXContainerItemProxy;
			containerPortal = 19B22E3A19D1AED200807F61 /* Project object */;
			proxyType = 1;
			remoteGlobalIDString = 19696A5919D80DC300954EC5;
			remoteInfo = CoopsiResources;
		};
/* End PBXContainerItemProxy section */

/* Begin PBXCopyFilesBuildPhase section */
		19B22E4019D1AED200807F61 /* CopyFiles */ = {
			isa = PBXCopyFilesBuildPhase;
			buildActionMask = 2147483647;
			dstPath = "include/$(PRODUCT_NAME)";
			dstSubfolderSpec = 16;
			files = (
				19B22E4619D1AED200807F61 /* Coopsi_iOS_SDK.h in CopyFiles */,
			);
			runOnlyForDeploymentPostprocessing = 0;
		};
/* End PBXCopyFilesBuildPhase section */

/* Begin PBXFileReference section */
		19696A5A19D80DC300954EC5 /* Coopsi.bundle */ = {isa = PBXFileReference; explicitFileType = wrapper.cfbundle; includeInIndex = 0; path = Coopsi.bundle; sourceTree = BUILT_PRODUCTS_DIR; };
		19696A5D19D80DC300954EC5 /* Info.plist */ = {isa = PBXFileReference; lastKnownFileType = text.plist.xml; path = Info.plist; sourceTree = "<group>"; };
		19696A6F19D8452800954EC5 /* Main-iPhone.storyboard */ = {isa = PBXFileReference; fileEncoding = 4; lastKnownFileType = file.storyboard; path = "Main-iPhone.storyboard"; sourceTree = "<group>"; };
		1989C21A19D9336A00950541 /* COWalletSummary.h */ = {isa = PBXFileReference; fileEncoding = 4; lastKnownFileType = sourcecode.c.h; path = COWalletSummary.h; sourceTree = "<group>"; };
		1989C21B19D9336A00950541 /* COWalletSummary.m */ = {isa = PBXFileReference; fileEncoding = 4; lastKnownFileType = sourcecode.c.objc; path = COWalletSummary.m; sourceTree = "<group>"; };
		1989C21E19D937B700950541 /* Media.xcassets */ = {isa = PBXFileReference; lastKnownFileType = folder.assetcatalog; path = Media.xcassets; sourceTree = "<group>"; };
		1989C22219D992DA00950541 /* COMissionsTableViewCell.h */ = {isa = PBXFileReference; fileEncoding = 4; lastKnownFileType = sourcecode.c.h; path = COMissionsTableViewCell.h; sourceTree = "<group>"; };
		1989C22319D992DA00950541 /* COMissionsTableViewCell.m */ = {isa = PBXFileReference; fileEncoding = 4; lastKnownFileType = sourcecode.c.objc; path = COMissionsTableViewCell.m; sourceTree = "<group>"; };
		1989C22619DA885900950541 /* COIcon.h */ = {isa = PBXFileReference; fileEncoding = 4; lastKnownFileType = sourcecode.c.h; path = COIcon.h; sourceTree = "<group>"; };
		1989C22719DA885900950541 /* COIcon.m */ = {isa = PBXFileReference; fileEncoding = 4; lastKnownFileType = sourcecode.c.objc; path = COIcon.m; sourceTree = "<group>"; };
		1989C22A19DA887400950541 /* COCoopsiAmount.h */ = {isa = PBXFileReference; fileEncoding = 4; lastKnownFileType = sourcecode.c.h; path = COCoopsiAmount.h; sourceTree = "<group>"; };
		1989C22B19DA887400950541 /* COCoopsiAmount.m */ = {isa = PBXFileReference; fileEncoding = 4; lastKnownFileType = sourcecode.c.objc; path = COCoopsiAmount.m; sourceTree = "<group>"; };
		1989C22C19DA887400950541 /* COCoopsiAmount.xib */ = {isa = PBXFileReference; fileEncoding = 4; lastKnownFileType = file.xib; path = COCoopsiAmount.xib; sourceTree = "<group>"; };
		1989C23019DA894F00950541 /* Shared.h */ = {isa = PBXFileReference; fileEncoding = 4; lastKnownFileType = sourcecode.c.h; path = Shared.h; sourceTree = "<group>"; };
		1989C23119DA894F00950541 /* Shared.m */ = {isa = PBXFileReference; fileEncoding = 4; lastKnownFileType = sourcecode.c.objc; path = Shared.m; sourceTree = "<group>"; };
		19B22E4219D1AED200807F61 /* libCoopsi-iOS-SDK.a */ = {isa = PBXFileReference; explicitFileType = archive.ar; includeInIndex = 0; path = "libCoopsi-iOS-SDK.a"; sourceTree = BUILT_PRODUCTS_DIR; };
		19B22E4519D1AED200807F61 /* Coopsi_iOS_SDK.h */ = {isa = PBXFileReference; lastKnownFileType = sourcecode.c.h; path = Coopsi_iOS_SDK.h; sourceTree = "<group>"; };
		19B22E4D19D1AED200807F61 /* Coopsi-iOS-SDKTests.xctest */ = {isa = PBXFileReference; explicitFileType = wrapper.cfbundle; includeInIndex = 0; path = "Coopsi-iOS-SDKTests.xctest"; sourceTree = BUILT_PRODUCTS_DIR; };
		19B22E5019D1AED200807F61 /* Info.plist */ = {isa = PBXFileReference; lastKnownFileType = text.plist.xml; path = Info.plist; sourceTree = "<group>"; };
		19B22E5919D1AF0E00807F61 /* CoopsiCoin.h */ = {isa = PBXFileReference; fileEncoding = 4; lastKnownFileType = sourcecode.c.h; path = CoopsiCoin.h; sourceTree = "<group>"; };
		19B22E5A19D1AF0E00807F61 /* CoopsiCoin.m */ = {isa = PBXFileReference; fileEncoding = 4; lastKnownFileType = sourcecode.c.objc; path = CoopsiCoin.m; sourceTree = "<group>"; };
		19B22E5B19D1AF0E00807F61 /* WalletViewController.h */ = {isa = PBXFileReference; fileEncoding = 4; lastKnownFileType = sourcecode.c.h; path = WalletViewController.h; sourceTree = "<group>"; };
		19B22E5C19D1AF0E00807F61 /* WalletViewController.m */ = {isa = PBXFileReference; fileEncoding = 4; lastKnownFileType = sourcecode.c.objc; path = WalletViewController.m; sourceTree = "<group>"; };
		19E152F819DA974000F847B7 /* COMissionsCompletedDS.h */ = {isa = PBXFileReference; fileEncoding = 4; lastKnownFileType = sourcecode.c.h; path = COMissionsCompletedDS.h; sourceTree = "<group>"; };
		19E152F919DA974000F847B7 /* COMissionsCompletedDS.m */ = {isa = PBXFileReference; fileEncoding = 4; lastKnownFileType = sourcecode.c.objc; path = COMissionsCompletedDS.m; sourceTree = "<group>"; };
		19E152FC19DA977700F847B7 /* CompletedMissions.json */ = {isa = PBXFileReference; fileEncoding = 4; lastKnownFileType = text.json; path = CompletedMissions.json; sourceTree = "<group>"; };
		19E152FE19DA97E700F847B7 /* CODataSource.h */ = {isa = PBXFileReference; fileEncoding = 4; lastKnownFileType = sourcecode.c.h; path = CODataSource.h; sourceTree = "<group>"; };
		19E152FF19DA97E700F847B7 /* CODataSource.m */ = {isa = PBXFileReference; fileEncoding = 4; lastKnownFileType = sourcecode.c.objc; path = CODataSource.m; sourceTree = "<group>"; };
		19E1530219DA9DCF00F847B7 /* COTableViewCell.h */ = {isa = PBXFileReference; fileEncoding = 4; lastKnownFileType = sourcecode.c.h; path = COTableViewCell.h; sourceTree = "<group>"; };
		19E1530319DA9DCF00F847B7 /* COTableViewCell.m */ = {isa = PBXFileReference; fileEncoding = 4; lastKnownFileType = sourcecode.c.objc; path = COTableViewCell.m; sourceTree = "<group>"; };
		19E1530619DAB57800F847B7 /* COTableViewController.h */ = {isa = PBXFileReference; fileEncoding = 4; lastKnownFileType = sourcecode.c.h; path = COTableViewController.h; sourceTree = "<group>"; };
		19E1530719DAB57800F847B7 /* COTableViewController.m */ = {isa = PBXFileReference; fileEncoding = 4; lastKnownFileType = sourcecode.c.objc; path = COTableViewController.m; sourceTree = "<group>"; };
		19E1530A19DAB58C00F847B7 /* CODataSourceRegistry.h */ = {isa = PBXFileReference; fileEncoding = 4; lastKnownFileType = sourcecode.c.h; path = CODataSourceRegistry.h; sourceTree = "<group>"; };
		19E1530B19DAB58C00F847B7 /* CODataSourceRegistry.m */ = {isa = PBXFileReference; fileEncoding = 4; lastKnownFileType = sourcecode.c.objc; path = CODataSourceRegistry.m; sourceTree = "<group>"; };
		19E1530E19DAB8E700F847B7 /* COViewController.h */ = {isa = PBXFileReference; fileEncoding = 4; lastKnownFileType = sourcecode.c.h; path = COViewController.h; sourceTree = "<group>"; };
		19E1530F19DAB8E700F847B7 /* COViewController.m */ = {isa = PBXFileReference; fileEncoding = 4; lastKnownFileType = sourcecode.c.objc; path = COViewController.m; sourceTree = "<group>"; };
/* End PBXFileReference section */

/* Begin PBXFrameworksBuildPhase section */
		19696A5719D80DC300954EC5 /* Frameworks */ = {
			isa = PBXFrameworksBuildPhase;
			buildActionMask = 2147483647;
			files = (
			);
			runOnlyForDeploymentPostprocessing = 0;
		};
		19B22E3F19D1AED200807F61 /* Frameworks */ = {
			isa = PBXFrameworksBuildPhase;
			buildActionMask = 2147483647;
			files = (
			);
			runOnlyForDeploymentPostprocessing = 0;
		};
		19B22E4A19D1AED200807F61 /* Frameworks */ = {
			isa = PBXFrameworksBuildPhase;
			buildActionMask = 2147483647;
			files = (
			);
			runOnlyForDeploymentPostprocessing = 0;
		};
/* End PBXFrameworksBuildPhase section */

/* Begin PBXGroup section */
		19696A5B19D80DC300954EC5 /* CoopsiResources */ = {
			isa = PBXGroup;
			children = (
				19696A5C19D80DC300954EC5 /* Supporting Files */,
			);
			path = CoopsiResources;
			sourceTree = "<group>";
		};
		19696A5C19D80DC300954EC5 /* Supporting Files */ = {
			isa = PBXGroup;
			children = (
				19696A5D19D80DC300954EC5 /* Info.plist */,
			);
			name = "Supporting Files";
			sourceTree = "<group>";
		};
		19B22E3919D1AED200807F61 = {
			isa = PBXGroup;
			children = (
				19B22E4419D1AED200807F61 /* Coopsi-iOS-SDK */,
				19B22E4E19D1AED200807F61 /* Coopsi-iOS-SDKTests */,
				19696A5B19D80DC300954EC5 /* CoopsiResources */,
				19B22E4319D1AED200807F61 /* Products */,
			);
			sourceTree = "<group>";
		};
		19B22E4319D1AED200807F61 /* Products */ = {
			isa = PBXGroup;
			children = (
				19B22E4219D1AED200807F61 /* libCoopsi-iOS-SDK.a */,
				19B22E4D19D1AED200807F61 /* Coopsi-iOS-SDKTests.xctest */,
				19696A5A19D80DC300954EC5 /* Coopsi.bundle */,
			);
			name = Products;
			sourceTree = "<group>";
		};
		19B22E4419D1AED200807F61 /* Coopsi-iOS-SDK */ = {
			isa = PBXGroup;
			children = (
				19B22E4519D1AED200807F61 /* Coopsi_iOS_SDK.h */,
				19696A6F19D8452800954EC5 /* Main-iPhone.storyboard */,
				19E152F319DA950500F847B7 /* CoopsiCoin */,
				19E152F219DA94F200F847B7 /* MissionsScreen */,
				19E152F619DA957000F847B7 /* Views */,
				1989C21E19D937B700950541 /* Media.xcassets */,
				1989C23019DA894F00950541 /* Shared.h */,
				1989C23119DA894F00950541 /* Shared.m */,
			);
			path = "Coopsi-iOS-SDK";
			sourceTree = "<group>";
		};
		19B22E4E19D1AED200807F61 /* Coopsi-iOS-SDKTests */ = {
			isa = PBXGroup;
			children = (
				19B22E4F19D1AED200807F61 /* Supporting Files */,
			);
			path = "Coopsi-iOS-SDKTests";
			sourceTree = "<group>";
		};
		19B22E4F19D1AED200807F61 /* Supporting Files */ = {
			isa = PBXGroup;
			children = (
				19B22E5019D1AED200807F61 /* Info.plist */,
			);
			name = "Supporting Files";
			sourceTree = "<group>";
		};
		19E152F219DA94F200F847B7 /* MissionsScreen */ = {
			isa = PBXGroup;
			children = (
				19E1530A19DAB58C00F847B7 /* CODataSourceRegistry.h */,
				19E1530B19DAB58C00F847B7 /* CODataSourceRegistry.m */,
				19B22E5B19D1AF0E00807F61 /* WalletViewController.h */,
				19B22E5C19D1AF0E00807F61 /* WalletViewController.m */,
				19E152F719DA973300F847B7 /* DataSource */,
				19E152F519DA952C00F847B7 /* WalletSumery */,
				19E152F419DA952100F847B7 /* Table */,
			);
			name = MissionsScreen;
			sourceTree = "<group>";
		};
		19E152F319DA950500F847B7 /* CoopsiCoin */ = {
			isa = PBXGroup;
			children = (
				19B22E5919D1AF0E00807F61 /* CoopsiCoin.h */,
				19B22E5A19D1AF0E00807F61 /* CoopsiCoin.m */,
			);
			name = CoopsiCoin;
			sourceTree = "<group>";
		};
		19E152F419DA952100F847B7 /* Table */ = {
			isa = PBXGroup;
			children = (
				19E1530E19DAB8E700F847B7 /* COViewController.h */,
				19E1530F19DAB8E700F847B7 /* COViewController.m */,
				19E1530619DAB57800F847B7 /* COTableViewController.h */,
				19E1530719DAB57800F847B7 /* COTableViewController.m */,
				1989C22219D992DA00950541 /* COMissionsTableViewCell.h */,
				1989C22319D992DA00950541 /* COMissionsTableViewCell.m */,
				19E1530219DA9DCF00F847B7 /* COTableViewCell.h */,
				19E1530319DA9DCF00F847B7 /* COTableViewCell.m */,
			);
			name = Table;
			sourceTree = "<group>";
		};
		19E152F519DA952C00F847B7 /* WalletSumery */ = {
			isa = PBXGroup;
			children = (
				1989C21A19D9336A00950541 /* COWalletSummary.h */,
				1989C21B19D9336A00950541 /* COWalletSummary.m */,
			);
			name = WalletSumery;
			sourceTree = "<group>";
		};
		19E152F619DA957000F847B7 /* Views */ = {
			isa = PBXGroup;
			children = (
				1989C22619DA885900950541 /* COIcon.h */,
				1989C22719DA885900950541 /* COIcon.m */,
				1989C22A19DA887400950541 /* COCoopsiAmount.h */,
				1989C22B19DA887400950541 /* COCoopsiAmount.m */,
				1989C22C19DA887400950541 /* COCoopsiAmount.xib */,
			);
			name = Views;
			sourceTree = "<group>";
		};
		19E152F719DA973300F847B7 /* DataSource */ = {
			isa = PBXGroup;
			children = (
				19E152FE19DA97E700F847B7 /* CODataSource.h */,
				19E152FF19DA97E700F847B7 /* CODataSource.m */,
				19E152FC19DA977700F847B7 /* CompletedMissions.json */,
				19E152F819DA974000F847B7 /* COMissionsCompletedDS.h */,
				19E152F919DA974000F847B7 /* COMissionsCompletedDS.m */,
			);
			name = DataSource;
			sourceTree = "<group>";
		};
/* End PBXGroup section */

/* Begin PBXHeadersBuildPhase section */
		19B22E6019D1AF1C00807F61 /* Headers */ = {
			isa = PBXHeadersBuildPhase;
			buildActionMask = 2147483647;
			files = (
				19E152FA19DA974000F847B7 /* COMissionsCompletedDS.h in Headers */,
				19E1530019DA97E700F847B7 /* CODataSource.h in Headers */,
				19E1530419DA9DCF00F847B7 /* COTableViewCell.h in Headers */,
				19E1530819DAB57800F847B7 /* COTableViewController.h in Headers */,
				19B22E6119D1AF2200807F61 /* Coopsi_iOS_SDK.h in Headers */,
				1989C22419D992DA00950541 /* COMissionsTableViewCell.h in Headers */,
				19E1530C19DAB58C00F847B7 /* CODataSourceRegistry.h in Headers */,
				1989C23219DA894F00950541 /* Shared.h in Headers */,
				1989C22819DA885900950541 /* COIcon.h in Headers */,
				1989C22D19DA887400950541 /* COCoopsiAmount.h in Headers */,
				19E1531019DAB8E700F847B7 /* COViewController.h in Headers */,
				19B22E6219D1AF6300807F61 /* WalletViewController.h in Headers */,
				1989C21C19D9336A00950541 /* COWalletSummary.h in Headers */,
			);
			runOnlyForDeploymentPostprocessing = 0;
		};
/* End PBXHeadersBuildPhase section */

/* Begin PBXNativeTarget section */
		19696A5919D80DC300954EC5 /* CoopsiResources */ = {
			isa = PBXNativeTarget;
			buildConfigurationList = 19696A6019D80DC300954EC5 /* Build configuration list for PBXNativeTarget "CoopsiResources" */;
			buildPhases = (
				19696A5619D80DC300954EC5 /* Sources */,
				19696A5719D80DC300954EC5 /* Frameworks */,
				19696A5819D80DC300954EC5 /* Resources */,
			);
			buildRules = (
			);
			dependencies = (
			);
			name = CoopsiResources;
			productName = CoopsiResources;
			productReference = 19696A5A19D80DC300954EC5 /* Coopsi.bundle */;
			productType = "com.apple.product-type.bundle";
		};
		19B22E4119D1AED200807F61 /* Coopsi-iOS-SDK */ = {
			isa = PBXNativeTarget;
			buildConfigurationList = 19B22E5319D1AED200807F61 /* Build configuration list for PBXNativeTarget "Coopsi-iOS-SDK" */;
			buildPhases = (
				19B22E3E19D1AED200807F61 /* Sources */,
				19B22E3F19D1AED200807F61 /* Frameworks */,
				19B22E4019D1AED200807F61 /* CopyFiles */,
				19B22E6019D1AF1C00807F61 /* Headers */,
			);
			buildRules = (
			);
			dependencies = (
			);
			name = "Coopsi-iOS-SDK";
			productName = "Coopsi-iOS-SDK";
			productReference = 19B22E4219D1AED200807F61 /* libCoopsi-iOS-SDK.a */;
			productType = "com.apple.product-type.library.static";
		};
		19B22E4C19D1AED200807F61 /* Coopsi-iOS-SDKTests */ = {
			isa = PBXNativeTarget;
			buildConfigurationList = 19B22E5619D1AED200807F61 /* Build configuration list for PBXNativeTarget "Coopsi-iOS-SDKTests" */;
			buildPhases = (
				19B22E4919D1AED200807F61 /* Sources */,
				19B22E4A19D1AED200807F61 /* Frameworks */,
				19B22E4B19D1AED200807F61 /* Resources */,
			);
			buildRules = (
			);
			dependencies = (
			);
			name = "Coopsi-iOS-SDKTests";
			productName = "Coopsi-iOS-SDKTests";
			productReference = 19B22E4D19D1AED200807F61 /* Coopsi-iOS-SDKTests.xctest */;
			productType = "com.apple.product-type.bundle.unit-test";
		};
/* End PBXNativeTarget section */

/* Begin PBXProject section */
		19B22E3A19D1AED200807F61 /* Project object */ = {
			isa = PBXProject;
			attributes = {
				LastUpgradeCheck = 0600;
				ORGANIZATIONNAME = Coopsi;
				TargetAttributes = {
					195A35AC19D80AEA001E948D = {
						CreatedOnToolsVersion = 6.0.1;
					};
					19696A5919D80DC300954EC5 = {
						CreatedOnToolsVersion = 6.0.1;
					};
					19B22E4119D1AED200807F61 = {
						CreatedOnToolsVersion = 6.0.1;
					};
					19B22E4C19D1AED200807F61 = {
						CreatedOnToolsVersion = 6.0.1;
					};
				};
			};
			buildConfigurationList = 19B22E3D19D1AED200807F61 /* Build configuration list for PBXProject "Coopsi-iOS-SDK" */;
			compatibilityVersion = "Xcode 3.2";
			developmentRegion = English;
			hasScannedForEncodings = 0;
			knownRegions = (
				en,
			);
			mainGroup = 19B22E3919D1AED200807F61;
			productRefGroup = 19B22E4319D1AED200807F61 /* Products */;
			projectDirPath = "";
			projectRoot = "";
			targets = (
				19B22E4119D1AED200807F61 /* Coopsi-iOS-SDK */,
				19B22E4C19D1AED200807F61 /* Coopsi-iOS-SDKTests */,
				195A35AC19D80AEA001E948D /* Framework */,
				19696A5919D80DC300954EC5 /* CoopsiResources */,
			);
		};
/* End PBXProject section */

/* Begin PBXResourcesBuildPhase section */
		19696A5819D80DC300954EC5 /* Resources */ = {
			isa = PBXResourcesBuildPhase;
			buildActionMask = 2147483647;
			files = (
				19696A7119D84A0700954EC5 /* Main-iPhone.storyboard in Resources */,
				1989C21F19D937B700950541 /* Media.xcassets in Resources */,
				1989C22F19DA88DD00950541 /* COCoopsiAmount.xib in Resources */,
			);
			runOnlyForDeploymentPostprocessing = 0;
		};
		19B22E4B19D1AED200807F61 /* Resources */ = {
			isa = PBXResourcesBuildPhase;
			buildActionMask = 2147483647;
			files = (
				19E152FD19DA977700F847B7 /* CompletedMissions.json in Resources */,
			);
			runOnlyForDeploymentPostprocessing = 0;
		};
/* End PBXResourcesBuildPhase section */

/* Begin PBXSourcesBuildPhase section */
		19696A5619D80DC300954EC5 /* Sources */ = {
			isa = PBXSourcesBuildPhase;
			buildActionMask = 2147483647;
			files = (
			);
			runOnlyForDeploymentPostprocessing = 0;
		};
		19B22E3E19D1AED200807F61 /* Sources */ = {
			isa = PBXSourcesBuildPhase;
			buildActionMask = 2147483647;
			files = (
				1989C21D19D9336A00950541 /* COWalletSummary.m in Sources */,
				19B22E5E19D1AF0E00807F61 /* CoopsiCoin.m in Sources */,
				1989C22919DA885900950541 /* COIcon.m in Sources */,
				1989C22519D992DA00950541 /* COMissionsTableViewCell.m in Sources */,
				19E1530919DAB57800F847B7 /* COTableViewController.m in Sources */,
				1989C22E19DA887400950541 /* COCoopsiAmount.m in Sources */,
				19E152FB19DA974000F847B7 /* COMissionsCompletedDS.m in Sources */,
				19E1530D19DAB58C00F847B7 /* CODataSourceRegistry.m in Sources */,
				19B22E5F19D1AF0E00807F61 /* WalletViewController.m in Sources */,
				19E1530519DA9DCF00F847B7 /* COTableViewCell.m in Sources */,
				19E1531119DAB8E700F847B7 /* COViewController.m in Sources */,
				1989C23319DA894F00950541 /* Shared.m in Sources */,
				19E1530119DA97E700F847B7 /* CODataSource.m in Sources */,
			);
			runOnlyForDeploymentPostprocessing = 0;
		};
		19B22E4919D1AED200807F61 /* Sources */ = {
			isa = PBXSourcesBuildPhase;
			buildActionMask = 2147483647;
			files = (
			);
			runOnlyForDeploymentPostprocessing = 0;
		};
/* End PBXSourcesBuildPhase section */

/* Begin PBXTargetDependency section */
		195A35B119D80B0B001E948D /* PBXTargetDependency */ = {
			isa = PBXTargetDependency;
			target = 19B22E4119D1AED200807F61 /* Coopsi-iOS-SDK */;
			targetProxy = 195A35B019D80B0B001E948D /* PBXContainerItemProxy */;
		};
		19696A6219D80E2100954EC5 /* PBXTargetDependency */ = {
			isa = PBXTargetDependency;
			target = 19696A5919D80DC300954EC5 /* CoopsiResources */;
			targetProxy = 19696A6119D80E2100954EC5 /* PBXContainerItemProxy */;
		};
/* End PBXTargetDependency section */

/* Begin XCBuildConfiguration section */
		195A35AD19D80AEA001E948D /* Debug */ = {
			isa = XCBuildConfiguration;
			buildSettings = {
				PRODUCT_NAME = "$(TARGET_NAME)";
			};
			name = Debug;
		};
		195A35AE19D80AEA001E948D /* Release */ = {
			isa = XCBuildConfiguration;
			buildSettings = {
				PRODUCT_NAME = "$(TARGET_NAME)";
			};
			name = Release;
		};
		19696A5E19D80DC300954EC5 /* Debug */ = {
			isa = XCBuildConfiguration;
			buildSettings = {
				COMBINE_HIDPI_IMAGES = NO;
				GCC_PREPROCESSOR_DEFINITIONS = (
					"DEBUG=1",
					"$(inherited)",
				);
				INFOPLIST_FILE = CoopsiResources/Info.plist;
				INSTALL_PATH = "$(LOCAL_LIBRARY_DIR)/Bundles";
				MACOSX_DEPLOYMENT_TARGET = 10.10;
				PRODUCT_NAME = Coopsi;
				SKIP_INSTALL = YES;
				WRAPPER_EXTENSION = bundle;
			};
			name = Debug;
		};
		19696A5F19D80DC300954EC5 /* Release */ = {
			isa = XCBuildConfiguration;
			buildSettings = {
				COMBINE_HIDPI_IMAGES = NO;
				DEBUG_INFORMATION_FORMAT = "dwarf-with-dsym";
				INFOPLIST_FILE = CoopsiResources/Info.plist;
				INSTALL_PATH = "$(LOCAL_LIBRARY_DIR)/Bundles";
				MACOSX_DEPLOYMENT_TARGET = 10.10;
				PRODUCT_NAME = Coopsi;
				SKIP_INSTALL = YES;
				WRAPPER_EXTENSION = bundle;
			};
			name = Release;
		};
		19B22E5119D1AED200807F61 /* Debug */ = {
			isa = XCBuildConfiguration;
			buildSettings = {
				ALWAYS_SEARCH_USER_PATHS = NO;
				CLANG_CXX_LANGUAGE_STANDARD = "gnu++0x";
				CLANG_CXX_LIBRARY = "libc++";
				CLANG_ENABLE_MODULES = YES;
				CLANG_ENABLE_OBJC_ARC = YES;
				CLANG_WARN_BOOL_CONVERSION = YES;
				CLANG_WARN_CONSTANT_CONVERSION = YES;
				CLANG_WARN_DIRECT_OBJC_ISA_USAGE = YES_ERROR;
				CLANG_WARN_EMPTY_BODY = YES;
				CLANG_WARN_ENUM_CONVERSION = YES;
				CLANG_WARN_INT_CONVERSION = YES;
				CLANG_WARN_OBJC_ROOT_CLASS = YES_ERROR;
				CLANG_WARN_UNREACHABLE_CODE = YES;
				CLANG_WARN__DUPLICATE_METHOD_MATCH = YES;
				COPY_PHASE_STRIP = NO;
				ENABLE_STRICT_OBJC_MSGSEND = YES;
				GCC_C_LANGUAGE_STANDARD = gnu99;
				GCC_DYNAMIC_NO_PIC = NO;
				GCC_OPTIMIZATION_LEVEL = 0;
				GCC_PREPROCESSOR_DEFINITIONS = (
					"DEBUG=1",
					"$(inherited)",
				);
				GCC_SYMBOLS_PRIVATE_EXTERN = NO;
				GCC_WARN_64_TO_32_BIT_CONVERSION = YES;
				GCC_WARN_ABOUT_RETURN_TYPE = YES_ERROR;
				GCC_WARN_UNDECLARED_SELECTOR = YES;
				GCC_WARN_UNINITIALIZED_AUTOS = YES_AGGRESSIVE;
				GCC_WARN_UNUSED_FUNCTION = YES;
				GCC_WARN_UNUSED_VARIABLE = YES;
				IPHONEOS_DEPLOYMENT_TARGET = 8.0;
				MTL_ENABLE_DEBUG_INFO = YES;
				ONLY_ACTIVE_ARCH = YES;
				SDKROOT = iphoneos;
			};
			name = Debug;
		};
		19B22E5219D1AED200807F61 /* Release */ = {
			isa = XCBuildConfiguration;
			buildSettings = {
				ALWAYS_SEARCH_USER_PATHS = NO;
				CLANG_CXX_LANGUAGE_STANDARD = "gnu++0x";
				CLANG_CXX_LIBRARY = "libc++";
				CLANG_ENABLE_MODULES = YES;
				CLANG_ENABLE_OBJC_ARC = YES;
				CLANG_WARN_BOOL_CONVERSION = YES;
				CLANG_WARN_CONSTANT_CONVERSION = YES;
				CLANG_WARN_DIRECT_OBJC_ISA_USAGE = YES_ERROR;
				CLANG_WARN_EMPTY_BODY = YES;
				CLANG_WARN_ENUM_CONVERSION = YES;
				CLANG_WARN_INT_CONVERSION = YES;
				CLANG_WARN_OBJC_ROOT_CLASS = YES_ERROR;
				CLANG_WARN_UNREACHABLE_CODE = YES;
				CLANG_WARN__DUPLICATE_METHOD_MATCH = YES;
				COPY_PHASE_STRIP = YES;
				ENABLE_NS_ASSERTIONS = NO;
				ENABLE_STRICT_OBJC_MSGSEND = YES;
				GCC_C_LANGUAGE_STANDARD = gnu99;
				GCC_WARN_64_TO_32_BIT_CONVERSION = YES;
				GCC_WARN_ABOUT_RETURN_TYPE = YES_ERROR;
				GCC_WARN_UNDECLARED_SELECTOR = YES;
				GCC_WARN_UNINITIALIZED_AUTOS = YES_AGGRESSIVE;
				GCC_WARN_UNUSED_FUNCTION = YES;
				GCC_WARN_UNUSED_VARIABLE = YES;
				IPHONEOS_DEPLOYMENT_TARGET = 8.0;
				MTL_ENABLE_DEBUG_INFO = NO;
				SDKROOT = iphoneos;
				VALIDATE_PRODUCT = YES;
			};
			name = Release;
		};
		19B22E5419D1AED200807F61 /* Debug */ = {
			isa = XCBuildConfiguration;
			buildSettings = {
				DEAD_CODE_STRIPPING = NO;
				OTHER_LDFLAGS = "-ObjC";
				PRODUCT_NAME = "$(TARGET_NAME)";
				PUBLIC_HEADERS_FOLDER_PATH = "include/$(PROJECT_NAME)";
				SKIP_INSTALL = YES;
				STRIP_STYLE = "non-global";
			};
			name = Debug;
		};
		19B22E5519D1AED200807F61 /* Release */ = {
			isa = XCBuildConfiguration;
			buildSettings = {
				COPY_PHASE_STRIP = NO;
				DEAD_CODE_STRIPPING = NO;
				OTHER_LDFLAGS = "-ObjC";
				PRODUCT_NAME = "$(TARGET_NAME)";
				PUBLIC_HEADERS_FOLDER_PATH = "include/$(PROJECT_NAME)";
				SKIP_INSTALL = YES;
				STRIP_STYLE = "non-global";
			};
			name = Release;
		};
		19B22E5719D1AED200807F61 /* Debug */ = {
			isa = XCBuildConfiguration;
			buildSettings = {
				FRAMEWORK_SEARCH_PATHS = (
					"$(SDKROOT)/Developer/Library/Frameworks",
					"$(inherited)",
				);
				GCC_PREPROCESSOR_DEFINITIONS = (
					"DEBUG=1",
					"$(inherited)",
				);
				INFOPLIST_FILE = "Coopsi-iOS-SDKTests/Info.plist";
				LD_RUNPATH_SEARCH_PATHS = "$(inherited) @executable_path/Frameworks @loader_path/Frameworks";
				PRODUCT_NAME = "$(TARGET_NAME)";
			};
			name = Debug;
		};
		19B22E5819D1AED200807F61 /* Release */ = {
			isa = XCBuildConfiguration;
			buildSettings = {
				FRAMEWORK_SEARCH_PATHS = (
					"$(SDKROOT)/Developer/Library/Frameworks",
					"$(inherited)",
				);
				INFOPLIST_FILE = "Coopsi-iOS-SDKTests/Info.plist";
				LD_RUNPATH_SEARCH_PATHS = "$(inherited) @executable_path/Frameworks @loader_path/Frameworks";
				PRODUCT_NAME = "$(TARGET_NAME)";
			};
			name = Release;
		};
/* End XCBuildConfiguration section */

/* Begin XCConfigurationList section */
		195A35AF19D80AEA001E948D /* Build configuration list for PBXAggregateTarget "Framework" */ = {
			isa = XCConfigurationList;
			buildConfigurations = (
				195A35AD19D80AEA001E948D /* Debug */,
				195A35AE19D80AEA001E948D /* Release */,
			);
			defaultConfigurationIsVisible = 0;
			defaultConfigurationName = Release;
		};
		19696A6019D80DC300954EC5 /* Build configuration list for PBXNativeTarget "CoopsiResources" */ = {
			isa = XCConfigurationList;
			buildConfigurations = (
				19696A5E19D80DC300954EC5 /* Debug */,
				19696A5F19D80DC300954EC5 /* Release */,
			);
			defaultConfigurationIsVisible = 0;
			defaultConfigurationName = Release;
		};
		19B22E3D19D1AED200807F61 /* Build configuration list for PBXProject "Coopsi-iOS-SDK" */ = {
			isa = XCConfigurationList;
			buildConfigurations = (
				19B22E5119D1AED200807F61 /* Debug */,
				19B22E5219D1AED200807F61 /* Release */,
			);
			defaultConfigurationIsVisible = 0;
			defaultConfigurationName = Release;
		};
		19B22E5319D1AED200807F61 /* Build configuration list for PBXNativeTarget "Coopsi-iOS-SDK" */ = {
			isa = XCConfigurationList;
			buildConfigurations = (
				19B22E5419D1AED200807F61 /* Debug */,
				19B22E5519D1AED200807F61 /* Release */,
			);
			defaultConfigurationIsVisible = 0;
			defaultConfigurationName = Release;
		};
		19B22E5619D1AED200807F61 /* Build configuration list for PBXNativeTarget "Coopsi-iOS-SDKTests" */ = {
			isa = XCConfigurationList;
			buildConfigurations = (
				19B22E5719D1AED200807F61 /* Debug */,
				19B22E5819D1AED200807F61 /* Release */,
			);
			defaultConfigurationIsVisible = 0;
			defaultConfigurationName = Release;
		};
/* End XCConfigurationList section */
	};
	rootObject = 19B22E3A19D1AED200807F61 /* Project object */;
}
